// !$*UTF8*$!
{
	archiveVersion = 1;
	classes = {
	};
	objectVersion = 48;
	objects = {

/* Begin PBXBuildFile section */
		06433DDF1FD74C6000C36D60 /* AppDelegate.m in Sources */ = {isa = PBXBuildFile; fileRef = 06433DDE1FD74C6000C36D60 /* AppDelegate.m */; };
		06433DE21FD74C6000C36D60 /* ViewController.m in Sources */ = {isa = PBXBuildFile; fileRef = 06433DE11FD74C6000C36D60 /* ViewController.m */; };
		06433DE41FD74C6000C36D60 /* Assets.xcassets in Resources */ = {isa = PBXBuildFile; fileRef = 06433DE31FD74C6000C36D60 /* Assets.xcassets */; };
		06433DE71FD74C6000C36D60 /* Main.storyboard in Resources */ = {isa = PBXBuildFile; fileRef = 06433DE51FD74C6000C36D60 /* Main.storyboard */; };
		06433DEA1FD74C6000C36D60 /* main.m in Sources */ = {isa = PBXBuildFile; fileRef = 06433DE91FD74C6000C36D60 /* main.m */; };
		06433DF31FD74EEA00C36D60 /* Carbon.framework in Frameworks */ = {isa = PBXBuildFile; fileRef = 06433DF21FD74EDA00C36D60 /* Carbon.framework */; settings = {ATTRIBUTES = (Required, ); }; };
		06433DF61FD74FB400C36D60 /* LCView.m in Sources */ = {isa = PBXBuildFile; fileRef = 06433DF51FD74FB400C36D60 /* LCView.m */; };
/* End PBXBuildFile section */

/* Begin PBXFileReference section */
		06433DDA1FD74C6000C36D60 /* LowCarb.app */ = {isa = PBXFileReference; explicitFileType = wrapper.application; includeInIndex = 0; path = LowCarb.app; sourceTree = BUILT_PRODUCTS_DIR; };
		06433DDD1FD74C6000C36D60 /* AppDelegate.h */ = {isa = PBXFileReference; lastKnownFileType = sourcecode.c.h; path = AppDelegate.h; sourceTree = "<group>"; };
		06433DDE1FD74C6000C36D60 /* AppDelegate.m */ = {isa = PBXFileReference; lastKnownFileType = sourcecode.c.objc; path = AppDelegate.m; sourceTree = "<group>"; };
		06433DE01FD74C6000C36D60 /* ViewController.h */ = {isa = PBXFileReference; lastKnownFileType = sourcecode.c.h; path = ViewController.h; sourceTree = "<group>"; };
		06433DE11FD74C6000C36D60 /* ViewController.m */ = {isa = PBXFileReference; lastKnownFileType = sourcecode.c.objc; path = ViewController.m; sourceTree = "<group>"; };
		06433DE31FD74C6000C36D60 /* Assets.xcassets */ = {isa = PBXFileReference; lastKnownFileType = folder.assetcatalog; path = Assets.xcassets; sourceTree = "<group>"; };
		06433DE61FD74C6000C36D60 /* Base */ = {isa = PBXFileReference; lastKnownFileType = file.storyboard; name = Base; path = Base.lproj/Main.storyboard; sourceTree = "<group>"; };
		06433DE81FD74C6000C36D60 /* Info.plist */ = {isa = PBXFileReference; lastKnownFileType = text.plist.xml; path = Info.plist; sourceTree = "<group>"; };
		06433DE91FD74C6000C36D60 /* main.m */ = {isa = PBXFileReference; lastKnownFileType = sourcecode.c.objc; path = main.m; sourceTree = "<group>"; };
		06433DEB1FD74C6000C36D60 /* LowCarb.entitlements */ = {isa = PBXFileReference; lastKnownFileType = text.plist.entitlements; path = LowCarb.entitlements; sourceTree = "<group>"; };
		06433DF21FD74EDA00C36D60 /* Carbon.framework */ = {isa = PBXFileReference; lastKnownFileType = wrapper.framework; name = Carbon.framework; path = System/Library/Frameworks/Carbon.framework; sourceTree = SDKROOT; };
		06433DF41FD74FB400C36D60 /* LCView.h */ = {isa = PBXFileReference; lastKnownFileType = sourcecode.c.h; path = LCView.h; sourceTree = "<group>"; };
		06433DF51FD74FB400C36D60 /* LCView.m */ = {isa = PBXFileReference; lastKnownFileType = sourcecode.c.objc; path = LCView.m; sourceTree = "<group>"; };
/* End PBXFileReference section */

/* Begin PBXFrameworksBuildPhase section */
		06433DD71FD74C6000C36D60 /* Frameworks */ = {
			isa = PBXFrameworksBuildPhase;
			buildActionMask = 2147483647;
			files = (
				06433DF31FD74EEA00C36D60 /* Carbon.framework in Frameworks */,
			);
			runOnlyForDeploymentPostprocessing = 0;
		};
/* End PBXFrameworksBuildPhase section */

/* Begin PBXGroup section */
		06433DD11FD74C6000C36D60 = {
			isa = PBXGroup;
			children = (
				06433DDC1FD74C6000C36D60 /* LowCarb */,
				06433DDB1FD74C6000C36D60 /* Products */,
				06433DF11FD74EDA00C36D60 /* Frameworks */,
			);
			sourceTree = "<group>";
		};
		06433DDB1FD74C6000C36D60 /* Products */ = {
			isa = PBXGroup;
			children = (
				06433DDA1FD74C6000C36D60 /* LowCarb.app */,
			);
			name = Products;
			sourceTree = "<group>";
		};
		06433DDC1FD74C6000C36D60 /* LowCarb */ = {
			isa = PBXGroup;
			children = (
				06433DDD1FD74C6000C36D60 /* AppDelegate.h */,
				06433DDE1FD74C6000C36D60 /* AppDelegate.m */,
				06433DF41FD74FB400C36D60 /* LCView.h */,
				06433DF51FD74FB400C36D60 /* LCView.m */,
				06433DE01FD74C6000C36D60 /* ViewController.h */,
				06433DE11FD74C6000C36D60 /* ViewController.m */,
				06433DE31FD74C6000C36D60 /* Assets.xcassets */,
				06433DE51FD74C6000C36D60 /* Main.storyboard */,
				06433DE81FD74C6000C36D60 /* Info.plist */,
				06433DE91FD74C6000C36D60 /* main.m */,
				06433DEB1FD74C6000C36D60 /* LowCarb.entitlements */,
			);
			path = LowCarb;
			sourceTree = "<group>";
		};
		06433DF11FD74EDA00C36D60 /* Frameworks */ = {
			isa = PBXGroup;
			children = (
				06433DF21FD74EDA00C36D60 /* Carbon.framework */,
			);
			name = Frameworks;
			sourceTree = "<group>";
		};
/* End PBXGroup section */

/* Begin PBXNativeTarget section */
		06433DD91FD74C6000C36D60 /* LowCarb */ = {
			isa = PBXNativeTarget;
			buildConfigurationList = 06433DEE1FD74C6000C36D60 /* Build configuration list for PBXNativeTarget "LowCarb" */;
			buildPhases = (
				06433DD61FD74C6000C36D60 /* Sources */,
				06433DD71FD74C6000C36D60 /* Frameworks */,
				06433DD81FD74C6000C36D60 /* Resources */,
			);
			buildRules = (
			);
			dependencies = (
			);
			name = LowCarb;
			productName = LowCarb;
			productReference = 06433DDA1FD74C6000C36D60 /* LowCarb.app */;
			productType = "com.apple.product-type.application";
		};
/* End PBXNativeTarget section */

/* Begin PBXProject section */
		06433DD21FD74C6000C36D60 /* Project object */ = {
			isa = PBXProject;
			attributes = {
				LastUpgradeCheck = 0910;
				ORGANIZATIONNAME = "Gabriel de Dietrich";
				TargetAttributes = {
					06433DD91FD74C6000C36D60 = {
						CreatedOnToolsVersion = 9.1;
						ProvisioningStyle = Automatic;
					};
				};
			};
			buildConfigurationList = 06433DD51FD74C6000C36D60 /* Build configuration list for PBXProject "LowCarb" */;
			compatibilityVersion = "Xcode 8.0";
			developmentRegion = en;
			hasScannedForEncodings = 0;
			knownRegions = (
				en,
				Base,
			);
			mainGroup = 06433DD11FD74C6000C36D60;
			productRefGroup = 06433DDB1FD74C6000C36D60 /* Products */;
			projectDirPath = "";
			projectRoot = "";
			targets = (
				06433DD91FD74C6000C36D60 /* LowCarb */,
			);
		};
/* End PBXProject section */

/* Begin PBXResourcesBuildPhase section */
		06433DD81FD74C6000C36D60 /* Resources */ = {
			isa = PBXResourcesBuildPhase;
			buildActionMask = 2147483647;
			files = (
				06433DE41FD74C6000C36D60 /* Assets.xcassets in Resources */,
				06433DE71FD74C6000C36D60 /* Main.storyboard in Resources */,
			);
			runOnlyForDeploymentPostprocessing = 0;
		};
/* End PBXResourcesBuildPhase section */

/* Begin PBXSourcesBuildPhase section */
		06433DD61FD74C6000C36D60 /* Sources */ = {
			isa = PBXSourcesBuildPhase;
			buildActionMask = 2147483647;
			files = (
				06433DE21FD74C6000C36D60 /* ViewController.m in Sources */,
				06433DF61FD74FB400C36D60 /* LCView.m in Sources */,
				06433DEA1FD74C6000C36D60 /* main.m in Sources */,
				06433DDF1FD74C6000C36D60 /* AppDelegate.m in Sources */,
			);
			runOnlyForDeploymentPostprocessing = 0;
		};
/* End PBXSourcesBuildPhase section */

/* Begin PBXVariantGroup section */
		06433DE51FD74C6000C36D60 /* Main.storyboard */ = {
			isa = PBXVariantGroup;
			children = (
				06433DE61FD74C6000C36D60 /* Base */,
			);
			name = Main.storyboard;
			sourceTree = "<group>";
		};
/* End PBXVariantGroup section */

/* Begin XCBuildConfiguration section */
		06433DEC1FD74C6000C36D60 /* Debug */ = {
			isa = XCBuildConfiguration;
			buildSettings = {
				ALWAYS_SEARCH_USER_PATHS = NO;
				CLANG_ANALYZER_NONNULL = YES;
				CLANG_ANALYZER_NUMBER_OBJECT_CONVERSION = YES_AGGRESSIVE;
				CLANG_CXX_LANGUAGE_STANDARD = "gnu++14";
				CLANG_CXX_LIBRARY = "libc++";
				CLANG_ENABLE_MODULES = YES;
				CLANG_ENABLE_OBJC_ARC = YES;
				CLANG_WARN_BLOCK_CAPTURE_AUTORELEASING = YES;
				CLANG_WARN_BOOL_CONVERSION = YES;
				CLANG_WARN_COMMA = YES;
				CLANG_WARN_CONSTANT_CONVERSION = YES;
				CLANG_WARN_DIRECT_OBJC_ISA_USAGE = YES_ERROR;
				CLANG_WARN_DOCUMENTATION_COMMENTS = YES;
				CLANG_WARN_EMPTY_BODY = YES;
				CLANG_WARN_ENUM_CONVERSION = YES;
				CLANG_WARN_INFINITE_RECURSION = YES;
				CLANG_WARN_INT_CONVERSION = YES;
				CLANG_WARN_NON_LITERAL_NULL_CONVERSION = YES;
				CLANG_WARN_OBJC_LITERAL_CONVERSION = YES;
				CLANG_WARN_OBJC_ROOT_CLASS = YES_ERROR;
				CLANG_WARN_RANGE_LOOP_ANALYSIS = YES;
				CLANG_WARN_STRICT_PROTOTYPES = YES;
				CLANG_WARN_SUSPICIOUS_MOVE = YES;
				CLANG_WARN_UNGUARDED_AVAILABILITY = YES_AGGRESSIVE;
				CLANG_WARN_UNREACHABLE_CODE = YES;
				CLANG_WARN__DUPLICATE_METHOD_MATCH = YES;
				CODE_SIGN_IDENTITY = "Mac Developer";
				COPY_PHASE_STRIP = NO;
				DEBUG_INFORMATION_FORMAT = dwarf;
				ENABLE_STRICT_OBJC_MSGSEND = YES;
				ENABLE_TESTABILITY = YES;
				GCC_C_LANGUAGE_STANDARD = gnu11;
				GCC_DYNAMIC_NO_PIC = NO;
				GCC_NO_COMMON_BLOCKS = YES;
				GCC_OPTIMIZATION_LEVEL = 0;
				GCC_PREPROCESSOR_DEFINITIONS = (
					"DEBUG=1",
					"$(inherited)",
				);
				GCC_WARN_64_TO_32_BIT_CONVERSION = YES;
				GCC_WARN_ABOUT_RETURN_TYPE = YES_ERROR;
				GCC_WARN_UNDECLARED_SELECTOR = YES;
				GCC_WARN_UNINITIALIZED_AUTOS = YES_AGGRESSIVE;
				GCC_WARN_UNUSED_FUNCTION = YES;
				GCC_WARN_UNUSED_VARIABLE = YES;
				MACOSX_DEPLOYMENT_TARGET = 10.13;
				MTL_ENABLE_DEBUG_INFO = YES;
				ONLY_ACTIVE_ARCH = YES;
				SDKROOT = macosx;
			};
			name = Debug;
		};
		06433DED1FD74C6000C36D60 /* Release */ = {
			isa = XCBuildConfiguration;
			buildSettings = {
				ALWAYS_SEARCH_USER_PATHS = NO;
				CLANG_ANALYZER_NONNULL = YES;
				CLANG_ANALYZER_NUMBER_OBJECT_CONVERSION = YES_AGGRESSIVE;
				CLANG_CXX_LANGUAGE_STANDARD = "gnu++14";
				CLANG_CXX_LIBRARY = "libc++";
				CLANG_ENABLE_MODULES = YES;
				CLANG_ENABLE_OBJC_ARC = YES;
				CLANG_WARN_BLOCK_CAPTURE_AUTORELEASING = YES;
				CLANG_WARN_BOOL_CONVERSION = YES;
				CLANG_WARN_COMMA = YES;
				CLANG_WARN_CONSTANT_CONVERSION = YES;
				CLANG_WARN_DIRECT_OBJC_ISA_USAGE = YES_ERROR;
				CLANG_WARN_DOCUMENTATION_COMMENTS = YES;
				CLANG_WARN_EMPTY_BODY = YES;
				CLANG_WARN_ENUM_CONVERSION = YES;
				CLANG_WARN_INFINITE_RECURSION = YES;
				CLANG_WARN_INT_CONVERSION = YES;
				CLANG_WARN_NON_LITERAL_NULL_CONVERSION = YES;
				CLANG_WARN_OBJC_LITERAL_CONVERSION = YES;
				CLANG_WARN_OBJC_ROOT_CLASS = YES_ERROR;
				CLANG_WARN_RANGE_LOOP_ANALYSIS = YES;
				CLANG_WARN_STRICT_PROTOTYPES = YES;
				CLANG_WARN_SUSPICIOUS_MOVE = YES;
				CLANG_WARN_UNGUARDED_AVAILABILITY = YES_AGGRESSIVE;
				CLANG_WARN_UNREACHABLE_CODE = YES;
				CLANG_WARN__DUPLICATE_METHOD_MATCH = YES;
				CODE_SIGN_IDENTITY = "Mac Developer";
				COPY_PHASE_STRIP = NO;
				DEBUG_INFORMATION_FORMAT = "dwarf-with-dsym";
				ENABLE_NS_ASSERTIONS = NO;
				ENABLE_STRICT_OBJC_MSGSEND = YES;
				GCC_C_LANGUAGE_STANDARD = gnu11;
				GCC_NO_COMMON_BLOCKS = YES;
				GCC_WARN_64_TO_32_BIT_CONVERSION = YES;
				GCC_WARN_ABOUT_RETURN_TYPE = YES_ERROR;
				GCC_WARN_UNDECLARED_SELECTOR = YES;
				GCC_WARN_UNINITIALIZED_AUTOS = YES_AGGRESSIVE;
				GCC_WARN_UNUSED_FUNCTION = YES;
				GCC_WARN_UNUSED_VARIABLE = YES;
				MACOSX_DEPLOYMENT_TARGET = 10.13;
				MTL_ENABLE_DEBUG_INFO = NO;
				SDKROOT = macosx;
			};
			name = Release;
		};
		06433DEF1FD74C6000C36D60 /* Debug */ = {
			isa = XCBuildConfiguration;
			buildSettings = {
				ASSETCATALOG_COMPILER_APPICON_NAME = AppIcon;
				CODE_SIGN_ENTITLEMENTS = LowCarb/LowCarb.entitlements;
				CODE_SIGN_STYLE = Automatic;
				COMBINE_HIDPI_IMAGES = YES;
				DEVELOPMENT_TEAM = 9TF7WKLZ23;
				INFOPLIST_FILE = LowCarb/Info.plist;
				LD_RUNPATH_SEARCH_PATHS = "$(inherited) @executable_path/../Frameworks";
				PRODUCT_BUNDLE_IDENTIFIER = com.chouetttelabs.LowCarb;
				PRODUCT_NAME = "$(TARGET_NAME)";
			};
			name = Debug;
		};
		06433DF01FD74C6000C36D60 /* Release */ = {
			isa = XCBuildConfiguration;
			buildSettings = {
				ASSETCATALOG_COMPILER_APPICON_NAME = AppIcon;
				CODE_SIGN_ENTITLEMENTS = LowCarb/LowCarb.entitlements;
				CODE_SIGN_STYLE = Automatic;
				COMBINE_HIDPI_IMAGES = YES;
				DEVELOPMENT_TEAM = 9TF7WKLZ23;
				INFOPLIST_FILE = LowCarb/Info.plist;
				LD_RUNPATH_SEARCH_PATHS = "$(inherited) @executable_path/../Frameworks";
				PRODUCT_BUNDLE_IDENTIFIER = com.chouetttelabs.LowCarb;
				PRODUCT_NAME = "$(TARGET_NAME)";
			};
			name = Release;
		};
/* End XCBuildConfiguration section */

/* Begin XCConfigurationList section */
		06433DD51FD74C6000C36D60 /* Build configuration list for PBXProject "LowCarb" */ = {
			isa = XCConfigurationList;
			buildConfigurations = (
				06433DEC1FD74C6000C36D60 /* Debug */,
				06433DED1FD74C6000C36D60 /* Release */,
			);
			defaultConfigurationIsVisible = 0;
			defaultConfigurationName = Release;
		};
		06433DEE1FD74C6000C36D60 /* Build configuration list for PBXNativeTarget "LowCarb" */ = {
			isa = XCConfigurationList;
			buildConfigurations = (
				06433DEF1FD74C6000C36D60 /* Debug */,
				06433DF01FD74C6000C36D60 /* Release */,
			);
			defaultConfigurationIsVisible = 0;
			defaultConfigurationName = Release;
		};
/* End XCConfigurationList section */
	};
	rootObject = 06433DD21FD74C6000C36D60 /* Project object */;
}
